PODS:
  - AppAuth (1.4.0):
    - AppAuth/Core (= 1.4.0)
    - AppAuth/ExternalUserAgent (= 1.4.0)
  - AppAuth/Core (1.4.0)
  - AppAuth/ExternalUserAgent (1.4.0)
  - appcenter-analytics (3.1.2):
    - AppCenter/Analytics
    - AppCenterReactNativeShared
    - React
  - appcenter-core (3.1.2):
    - AppCenterReactNativeShared
    - React
  - appcenter-crashes (3.1.2):
    - AppCenter/Crashes
    - AppCenterReactNativeShared
    - React
  - AppCenter/Analytics (3.3.2):
    - AppCenter/Core
  - AppCenter/Core (3.3.2)
  - AppCenter/Crashes (3.3.2):
    - AppCenter/Core
  - AppCenterReactNativeShared (3.1.1):
    - AppCenter/Core (= 3.3.2)
  - Base64 (1.1.2)
  - boost-for-react-native (1.63.0)
  - BVLinearGradient (2.5.6):
    - React
  - CodePush (6.4.0):
    - Base64 (~> 1.1)
    - JWT (~> 3.0.0-beta.12)
    - React-Core
    - SSZipArchive (~> 2.2.2)
  - DoubleConversion (1.1.6)
  - FBLazyVector (0.62.0)
  - FBReactNativeSpec (0.62.0):
    - Folly (= 2018.10.22.00)
    - RCTRequired (= 0.62.0)
    - RCTTypeSafety (= 0.62.0)
    - React-Core (= 0.62.0)
    - React-jsi (= 0.62.0)
    - ReactCommon/turbomodule/core (= 0.62.0)
  - FBSDKCoreKit (7.1.1):
    - FBSDKCoreKit/Basics (= 7.1.1)
    - FBSDKCoreKit/Core (= 7.1.1)
  - FBSDKCoreKit/Basics (7.1.1)
  - FBSDKCoreKit/Core (7.1.1):
    - FBSDKCoreKit/Basics
  - FBSDKLoginKit (7.1.1):
    - FBSDKLoginKit/Login (= 7.1.1)
  - FBSDKLoginKit/Login (7.1.1):
    - FBSDKCoreKit (~> 7.1.1)
  - FBSDKShareKit (7.1.1):
    - FBSDKShareKit/Share (= 7.1.1)
  - FBSDKShareKit/Share (7.1.1):
    - FBSDKCoreKit (~> 7.1.1)
  - Folly (2018.10.22.00):
    - boost-for-react-native
    - DoubleConversion
    - Folly/Default (= 2018.10.22.00)
    - glog
  - Folly/Default (2018.10.22.00):
    - boost-for-react-native
    - DoubleConversion
    - glog
  - glog (0.3.5)
  - GoogleSignIn (5.0.2):
    - AppAuth (~> 1.2)
    - GTMAppAuth (~> 1.0)
    - GTMSessionFetcher/Core (~> 1.1)
  - GTMAppAuth (1.0.0):
    - AppAuth/Core (~> 1.0)
    - GTMSessionFetcher (~> 1.1)
  - GTMSessionFetcher (1.4.0):
    - GTMSessionFetcher/Full (= 1.4.0)
  - GTMSessionFetcher/Core (1.4.0)
  - GTMSessionFetcher/Full (1.4.0):
    - GTMSessionFetcher/Core (= 1.4.0)
  - JWT (3.0.0-beta.12):
    - Base64 (~> 1.1.2)
  - OneSignal (2.16.1)
  - RCTRequired (0.62.0)
  - RCTTypeSafety (0.62.0):
    - FBLazyVector (= 0.62.0)
    - Folly (= 2018.10.22.00)
    - RCTRequired (= 0.62.0)
    - React-Core (= 0.62.0)
  - React (0.62.0):
    - React-Core (= 0.62.0)
    - React-Core/DevSupport (= 0.62.0)
    - React-Core/RCTWebSocket (= 0.62.0)
    - React-RCTActionSheet (= 0.62.0)
    - React-RCTAnimation (= 0.62.0)
    - React-RCTBlob (= 0.62.0)
    - React-RCTImage (= 0.62.0)
    - React-RCTLinking (= 0.62.0)
    - React-RCTNetwork (= 0.62.0)
    - React-RCTSettings (= 0.62.0)
    - React-RCTText (= 0.62.0)
    - React-RCTVibration (= 0.62.0)
  - React-Core (0.62.0):
    - Folly (= 2018.10.22.00)
    - glog
    - React-Core/Default (= 0.62.0)
    - React-cxxreact (= 0.62.0)
    - React-jsi (= 0.62.0)
    - React-jsiexecutor (= 0.62.0)
    - Yoga
  - React-Core/CoreModulesHeaders (0.62.0):
    - Folly (= 2018.10.22.00)
    - glog
    - React-Core/Default
    - React-cxxreact (= 0.62.0)
    - React-jsi (= 0.62.0)
    - React-jsiexecutor (= 0.62.0)
    - Yoga
  - React-Core/Default (0.62.0):
    - Folly (= 2018.10.22.00)
    - glog
    - React-cxxreact (= 0.62.0)
    - React-jsi (= 0.62.0)
    - React-jsiexecutor (= 0.62.0)
    - Yoga
  - React-Core/DevSupport (0.62.0):
    - Folly (= 2018.10.22.00)
    - glog
    - React-Core/Default (= 0.62.0)
    - React-Core/RCTWebSocket (= 0.62.0)
    - React-cxxreact (= 0.62.0)
    - React-jsi (= 0.62.0)
    - React-jsiexecutor (= 0.62.0)
    - React-jsinspector (= 0.62.0)
    - Yoga
  - React-Core/RCTActionSheetHeaders (0.62.0):
    - Folly (= 2018.10.22.00)
    - glog
    - React-Core/Default
    - React-cxxreact (= 0.62.0)
    - React-jsi (= 0.62.0)
    - React-jsiexecutor (= 0.62.0)
    - Yoga
  - React-Core/RCTAnimationHeaders (0.62.0):
    - Folly (= 2018.10.22.00)
    - glog
    - React-Core/Default
    - React-cxxreact (= 0.62.0)
    - React-jsi (= 0.62.0)
    - React-jsiexecutor (= 0.62.0)
    - Yoga
  - React-Core/RCTBlobHeaders (0.62.0):
    - Folly (= 2018.10.22.00)
    - glog
    - React-Core/Default
    - React-cxxreact (= 0.62.0)
    - React-jsi (= 0.62.0)
    - React-jsiexecutor (= 0.62.0)
    - Yoga
  - React-Core/RCTImageHeaders (0.62.0):
    - Folly (= 2018.10.22.00)
    - glog
    - React-Core/Default
    - React-cxxreact (= 0.62.0)
    - React-jsi (= 0.62.0)
    - React-jsiexecutor (= 0.62.0)
    - Yoga
  - React-Core/RCTLinkingHeaders (0.62.0):
    - Folly (= 2018.10.22.00)
    - glog
    - React-Core/Default
    - React-cxxreact (= 0.62.0)
    - React-jsi (= 0.62.0)
    - React-jsiexecutor (= 0.62.0)
    - Yoga
  - React-Core/RCTNetworkHeaders (0.62.0):
    - Folly (= 2018.10.22.00)
    - glog
    - React-Core/Default
    - React-cxxreact (= 0.62.0)
    - React-jsi (= 0.62.0)
    - React-jsiexecutor (= 0.62.0)
    - Yoga
  - React-Core/RCTSettingsHeaders (0.62.0):
    - Folly (= 2018.10.22.00)
    - glog
    - React-Core/Default
    - React-cxxreact (= 0.62.0)
    - React-jsi (= 0.62.0)
    - React-jsiexecutor (= 0.62.0)
    - Yoga
  - React-Core/RCTTextHeaders (0.62.0):
    - Folly (= 2018.10.22.00)
    - glog
    - React-Core/Default
    - React-cxxreact (= 0.62.0)
    - React-jsi (= 0.62.0)
    - React-jsiexecutor (= 0.62.0)
    - Yoga
  - React-Core/RCTVibrationHeaders (0.62.0):
    - Folly (= 2018.10.22.00)
    - glog
    - React-Core/Default
    - React-cxxreact (= 0.62.0)
    - React-jsi (= 0.62.0)
    - React-jsiexecutor (= 0.62.0)
    - Yoga
  - React-Core/RCTWebSocket (0.62.0):
    - Folly (= 2018.10.22.00)
    - glog
    - React-Core/Default (= 0.62.0)
    - React-cxxreact (= 0.62.0)
    - React-jsi (= 0.62.0)
    - React-jsiexecutor (= 0.62.0)
    - Yoga
  - React-CoreModules (0.62.0):
    - FBReactNativeSpec (= 0.62.0)
    - Folly (= 2018.10.22.00)
    - RCTTypeSafety (= 0.62.0)
    - React-Core/CoreModulesHeaders (= 0.62.0)
    - React-RCTImage (= 0.62.0)
    - ReactCommon/turbomodule/core (= 0.62.0)
  - React-cxxreact (0.62.0):
    - boost-for-react-native (= 1.63.0)
    - DoubleConversion
    - Folly (= 2018.10.22.00)
    - glog
    - React-jsinspector (= 0.62.0)
  - React-jsi (0.62.0):
    - boost-for-react-native (= 1.63.0)
    - DoubleConversion
    - Folly (= 2018.10.22.00)
    - glog
    - React-jsi/Default (= 0.62.0)
  - React-jsi/Default (0.62.0):
    - boost-for-react-native (= 1.63.0)
    - DoubleConversion
    - Folly (= 2018.10.22.00)
    - glog
  - React-jsiexecutor (0.62.0):
    - DoubleConversion
    - Folly (= 2018.10.22.00)
    - glog
    - React-cxxreact (= 0.62.0)
    - React-jsi (= 0.62.0)
  - React-jsinspector (0.62.0)
  - react-native-camera (3.43.0):
    - React-Core
    - react-native-camera/RCT (= 3.43.0)
    - react-native-camera/RN (= 3.43.0)
  - react-native-camera/RCT (3.43.0):
    - React-Core
  - react-native-camera/RN (3.43.0):
    - React-Core
  - react-native-fbsdk (2.0.0):
    - React
    - react-native-fbsdk/Core (= 2.0.0)
    - react-native-fbsdk/Login (= 2.0.0)
    - react-native-fbsdk/Share (= 2.0.0)
  - react-native-fbsdk/Core (2.0.0):
    - FBSDKCoreKit (~> 7.0)
    - React
  - react-native-fbsdk/Login (2.0.0):
    - FBSDKLoginKit (~> 7.0)
    - React
  - react-native-fbsdk/Share (2.0.0):
    - FBSDKShareKit (~> 7.0)
    - React
  - react-native-image-picker (2.3.4):
    - React-Core
  - react-native-onesignal (3.9.3):
    - OneSignal (= 2.16.1)
    - React (< 1.0.0, >= 0.13.0)
  - react-native-rsa-native (2.0.3):
    - React
  - react-native-safe-area-context (3.1.9):
    - React-Core
  - react-native-video (5.1.0-alpha8):
    - React
    - react-native-video/Video (= 5.1.0-alpha8)
  - react-native-video/Video (5.1.0-alpha8):
    - React
  - react-native-webview (10.10.2):
    - React-Core
  - React-RCTActionSheet (0.62.0):
    - React-Core/RCTActionSheetHeaders (= 0.62.0)
  - React-RCTAnimation (0.62.0):
    - FBReactNativeSpec (= 0.62.0)
    - Folly (= 2018.10.22.00)
    - RCTTypeSafety (= 0.62.0)
    - React-Core/RCTAnimationHeaders (= 0.62.0)
    - ReactCommon/turbomodule/core (= 0.62.0)
  - React-RCTBlob (0.62.0):
    - FBReactNativeSpec (= 0.62.0)
    - Folly (= 2018.10.22.00)
    - React-Core/RCTBlobHeaders (= 0.62.0)
    - React-Core/RCTWebSocket (= 0.62.0)
    - React-jsi (= 0.62.0)
    - React-RCTNetwork (= 0.62.0)
    - ReactCommon/turbomodule/core (= 0.62.0)
  - React-RCTImage (0.62.0):
    - FBReactNativeSpec (= 0.62.0)
    - Folly (= 2018.10.22.00)
    - RCTTypeSafety (= 0.62.0)
    - React-Core/RCTImageHeaders (= 0.62.0)
    - React-RCTNetwork (= 0.62.0)
    - ReactCommon/turbomodule/core (= 0.62.0)
  - React-RCTLinking (0.62.0):
    - FBReactNativeSpec (= 0.62.0)
    - React-Core/RCTLinkingHeaders (= 0.62.0)
    - ReactCommon/turbomodule/core (= 0.62.0)
  - React-RCTNetwork (0.62.0):
    - FBReactNativeSpec (= 0.62.0)
    - Folly (= 2018.10.22.00)
    - RCTTypeSafety (= 0.62.0)
    - React-Core/RCTNetworkHeaders (= 0.62.0)
    - ReactCommon/turbomodule/core (= 0.62.0)
  - React-RCTSettings (0.62.0):
    - FBReactNativeSpec (= 0.62.0)
    - Folly (= 2018.10.22.00)
    - RCTTypeSafety (= 0.62.0)
    - React-Core/RCTSettingsHeaders (= 0.62.0)
    - ReactCommon/turbomodule/core (= 0.62.0)
  - React-RCTText (0.62.0):
    - React-Core/RCTTextHeaders (= 0.62.0)
  - React-RCTVibration (0.62.0):
    - FBReactNativeSpec (= 0.62.0)
    - Folly (= 2018.10.22.00)
    - React-Core/RCTVibrationHeaders (= 0.62.0)
    - ReactCommon/turbomodule/core (= 0.62.0)
  - ReactCommon/callinvoker (0.62.0):
    - DoubleConversion
    - Folly (= 2018.10.22.00)
    - glog
    - React-cxxreact (= 0.62.0)
  - ReactCommon/turbomodule/core (0.62.0):
    - DoubleConversion
    - Folly (= 2018.10.22.00)
    - glog
    - React-Core (= 0.62.0)
    - React-cxxreact (= 0.62.0)
    - React-jsi (= 0.62.0)
    - ReactCommon/callinvoker (= 0.62.0)
  - RNCAsyncStorage (1.12.1):
    - React-Core
  - RNCMaskedView (0.1.10):
    - React
  - RNCPicker (1.8.1):
    - React-Core
  - RNDateTimePicker (3.0.6):
    - React-Core
  - RNDeviceInfo (6.2.1):
    - React-Core
  - RNGestureHandler (1.9.0):
    - React-Core
  - RNGoogleSignin (4.0.3):
    - GoogleSignIn (~> 5.0.0)
    - React
  - RNReanimated (1.13.2):
    - React-Core
  - RNScreens (2.15.0):
    - React-Core
  - RNVectorIcons (7.1.0):
    - React
  - SSZipArchive (2.2.3)
  - Yoga (1.14.0)

DEPENDENCIES:
  - appcenter-analytics (from `../node_modules/appcenter-analytics/ios`)
  - appcenter-core (from `../node_modules/appcenter/ios`)
  - appcenter-crashes (from `../node_modules/appcenter-crashes/ios`)
  - BVLinearGradient (from `../node_modules/react-native-linear-gradient`)
  - CodePush (from `../node_modules/react-native-code-push`)
  - DoubleConversion (from `../node_modules/react-native/third-party-podspecs/DoubleConversion.podspec`)
  - FBLazyVector (from `../node_modules/react-native/Libraries/FBLazyVector`)
  - FBReactNativeSpec (from `../node_modules/react-native/Libraries/FBReactNativeSpec`)
  - Folly (from `../node_modules/react-native/third-party-podspecs/Folly.podspec`)
  - glog (from `../node_modules/react-native/third-party-podspecs/glog.podspec`)
  - OneSignal (< 3.0, >= 2.9.3)
  - RCTRequired (from `../node_modules/react-native/Libraries/RCTRequired`)
  - RCTTypeSafety (from `../node_modules/react-native/Libraries/TypeSafety`)
  - React (from `../node_modules/react-native/`)
  - React-Core (from `../node_modules/react-native/`)
  - React-Core/DevSupport (from `../node_modules/react-native/`)
  - React-Core/RCTWebSocket (from `../node_modules/react-native/`)
  - React-CoreModules (from `../node_modules/react-native/React/CoreModules`)
  - React-cxxreact (from `../node_modules/react-native/ReactCommon/cxxreact`)
  - React-jsi (from `../node_modules/react-native/ReactCommon/jsi`)
  - React-jsiexecutor (from `../node_modules/react-native/ReactCommon/jsiexecutor`)
  - React-jsinspector (from `../node_modules/react-native/ReactCommon/jsinspector`)
  - react-native-camera (from `../node_modules/react-native-camera`)
  - react-native-fbsdk (from `../node_modules/react-native-fbsdk`)
  - react-native-image-picker (from `../node_modules/react-native-image-picker`)
  - react-native-onesignal (from `../node_modules/react-native-onesignal`)
  - react-native-rsa-native (from `../node_modules/react-native-rsa-native`)
  - react-native-safe-area-context (from `../node_modules/react-native-safe-area-context`)
  - react-native-video (from `../node_modules/react-native-video`)
  - react-native-webview (from `../node_modules/react-native-webview`)
  - React-RCTActionSheet (from `../node_modules/react-native/Libraries/ActionSheetIOS`)
  - React-RCTAnimation (from `../node_modules/react-native/Libraries/NativeAnimation`)
  - React-RCTBlob (from `../node_modules/react-native/Libraries/Blob`)
  - React-RCTImage (from `../node_modules/react-native/Libraries/Image`)
  - React-RCTLinking (from `../node_modules/react-native/Libraries/LinkingIOS`)
  - React-RCTNetwork (from `../node_modules/react-native/Libraries/Network`)
  - React-RCTSettings (from `../node_modules/react-native/Libraries/Settings`)
  - React-RCTText (from `../node_modules/react-native/Libraries/Text`)
  - React-RCTVibration (from `../node_modules/react-native/Libraries/Vibration`)
  - ReactCommon/callinvoker (from `../node_modules/react-native/ReactCommon`)
  - ReactCommon/turbomodule/core (from `../node_modules/react-native/ReactCommon`)
  - "RNCAsyncStorage (from `../node_modules/@react-native-community/async-storage`)"
  - "RNCMaskedView (from `../node_modules/@react-native-community/masked-view`)"
  - "RNCPicker (from `../node_modules/@react-native-community/picker`)"
  - "RNDateTimePicker (from `../node_modules/@react-native-community/datetimepicker`)"
  - RNDeviceInfo (from `../node_modules/react-native-device-info`)
  - RNGestureHandler (from `../node_modules/react-native-gesture-handler`)
  - "RNGoogleSignin (from `../node_modules/@react-native-community/google-signin`)"
  - RNReanimated (from `../node_modules/react-native-reanimated`)
  - RNScreens (from `../node_modules/react-native-screens`)
  - RNVectorIcons (from `../node_modules/react-native-vector-icons`)
  - Yoga (from `../node_modules/react-native/ReactCommon/yoga`)

SPEC REPOS:
  trunk:
    - AppAuth
    - AppCenter
    - AppCenterReactNativeShared
    - Base64
    - boost-for-react-native
    - FBSDKCoreKit
    - FBSDKLoginKit
    - FBSDKShareKit
    - GoogleSignIn
    - GTMAppAuth
    - GTMSessionFetcher
    - JWT
    - OneSignal
    - SSZipArchive

EXTERNAL SOURCES:
  appcenter-analytics:
    :path: "../node_modules/appcenter-analytics/ios"
  appcenter-core:
    :path: "../node_modules/appcenter/ios"
  appcenter-crashes:
    :path: "../node_modules/appcenter-crashes/ios"
  BVLinearGradient:
    :path: "../node_modules/react-native-linear-gradient"
  CodePush:
    :path: "../node_modules/react-native-code-push"
  DoubleConversion:
    :podspec: "../node_modules/react-native/third-party-podspecs/DoubleConversion.podspec"
  FBLazyVector:
    :path: "../node_modules/react-native/Libraries/FBLazyVector"
  FBReactNativeSpec:
    :path: "../node_modules/react-native/Libraries/FBReactNativeSpec"
  Folly:
    :podspec: "../node_modules/react-native/third-party-podspecs/Folly.podspec"
  glog:
    :podspec: "../node_modules/react-native/third-party-podspecs/glog.podspec"
  RCTRequired:
    :path: "../node_modules/react-native/Libraries/RCTRequired"
  RCTTypeSafety:
    :path: "../node_modules/react-native/Libraries/TypeSafety"
  React:
    :path: "../node_modules/react-native/"
  React-Core:
    :path: "../node_modules/react-native/"
  React-CoreModules:
    :path: "../node_modules/react-native/React/CoreModules"
  React-cxxreact:
    :path: "../node_modules/react-native/ReactCommon/cxxreact"
  React-jsi:
    :path: "../node_modules/react-native/ReactCommon/jsi"
  React-jsiexecutor:
    :path: "../node_modules/react-native/ReactCommon/jsiexecutor"
  React-jsinspector:
    :path: "../node_modules/react-native/ReactCommon/jsinspector"
  react-native-camera:
    :path: "../node_modules/react-native-camera"
  react-native-fbsdk:
    :path: "../node_modules/react-native-fbsdk"
  react-native-image-picker:
    :path: "../node_modules/react-native-image-picker"
  react-native-onesignal:
    :path: "../node_modules/react-native-onesignal"
  react-native-rsa-native:
    :path: "../node_modules/react-native-rsa-native"
  react-native-safe-area-context:
    :path: "../node_modules/react-native-safe-area-context"
  react-native-video:
    :path: "../node_modules/react-native-video"
  react-native-webview:
    :path: "../node_modules/react-native-webview"
  React-RCTActionSheet:
    :path: "../node_modules/react-native/Libraries/ActionSheetIOS"
  React-RCTAnimation:
    :path: "../node_modules/react-native/Libraries/NativeAnimation"
  React-RCTBlob:
    :path: "../node_modules/react-native/Libraries/Blob"
  React-RCTImage:
    :path: "../node_modules/react-native/Libraries/Image"
  React-RCTLinking:
    :path: "../node_modules/react-native/Libraries/LinkingIOS"
  React-RCTNetwork:
    :path: "../node_modules/react-native/Libraries/Network"
  React-RCTSettings:
    :path: "../node_modules/react-native/Libraries/Settings"
  React-RCTText:
    :path: "../node_modules/react-native/Libraries/Text"
  React-RCTVibration:
    :path: "../node_modules/react-native/Libraries/Vibration"
  ReactCommon:
    :path: "../node_modules/react-native/ReactCommon"
  RNCAsyncStorage:
    :path: "../node_modules/@react-native-community/async-storage"
  RNCMaskedView:
    :path: "../node_modules/@react-native-community/masked-view"
  RNCPicker:
    :path: "../node_modules/@react-native-community/picker"
  RNDateTimePicker:
    :path: "../node_modules/@react-native-community/datetimepicker"
  RNDeviceInfo:
    :path: "../node_modules/react-native-device-info"
  RNGestureHandler:
    :path: "../node_modules/react-native-gesture-handler"
  RNGoogleSignin:
    :path: "../node_modules/@react-native-community/google-signin"
  RNReanimated:
    :path: "../node_modules/react-native-reanimated"
  RNScreens:
    :path: "../node_modules/react-native-screens"
  RNVectorIcons:
    :path: "../node_modules/react-native-vector-icons"
  Yoga:
    :path: "../node_modules/react-native/ReactCommon/yoga"

SPEC CHECKSUMS:
  AppAuth: 31bcec809a638d7bd2f86ea8a52bd45f6e81e7c7
  AppCenter: aba7de06e4c2184f90dc84f7866bd07f82427d69
  appcenter-analytics: 86931681ba39a34856727e415d39e7d4693ad7fe
  appcenter-core: 1cca3f4d1f01e820710dc82e14ad2b4806a4f907
  appcenter-crashes: 5da5dca952c3d1a3eea2d596748d94ec0412fbd1
  AppCenterReactNativeShared: b9fa50d999e830e03f086f487b1aa0f9772088c1
  Base64: cecfb41a004124895a7bcee567a89bae5a89d49b
  boost-for-react-native: 39c7adb57c4e60d6c5479dd8623128eb5b3f0f2c
  BVLinearGradient: e3aad03778a456d77928f594a649e96995f1c872
  CodePush: 5a26b230d14bc2c6a84514e3bad9321065247fb0
  DoubleConversion: 5805e889d232975c086db112ece9ed034df7a0b2
  FBLazyVector: 545eccf4f6ef2de8fd450fd8a1edb3f913c7371a
  FBReactNativeSpec: 85c7f8347f4a6e911742228e89e245187afa298e
  FBSDKCoreKit: b46507dc8b8cefed31d644e74d7cc30e2a715ef8
  FBSDKLoginKit: 1a61d79e2b25e2fc0d03dccab1e34b38bbdf2546
  FBSDKShareKit: 00a055c1999b099596e00212dd1c0600c6697019
  Folly: 30e7936e1c45c08d884aa59369ed951a8e68cf51
  glog: 1f3da668190260b06b429bb211bfbee5cd790c28
  GoogleSignIn: 7137d297ddc022a7e0aa4619c86d72c909fa7213
  GTMAppAuth: 4deac854479704f348309e7b66189e604cf5e01e
  GTMSessionFetcher: 6f5c8abbab8a9bce4bb3f057e317728ec6182b10
  JWT: 9b5c05abbcc1a0e69c3c91e1655b3387fc7e581d
  OneSignal: 5f6514ec2b931306eb067acb124afbb2e49970af
  RCTRequired: 0873f5bdb1762d2b9b1ae16a01c4f91d6ee3b6dd
  RCTTypeSafety: a605e0cc0e4220f6e65896bd9e675073c2978f35
  React: 8abf6bdd2b05538e9445f7bbda800df744068bfe
  React-Core: d6daa0d60a4180915e889a5e81f28522cb30359a
  React-CoreModules: 9d5343b095a52e830954a1dd7ae1cb9321ceeddc
  React-cxxreact: c108ca236585b9c802f1eeab11fed1a023faac3a
  React-jsi: bc8166d6833cdcb0848c80710b26ce63fad2c099
  React-jsiexecutor: 8bf0b2707f05865113415088c398a7f98c0cf546
  React-jsinspector: 8e5913c4c6c54f0d3f9c9fc630c465a89cded65d
  react-native-camera: c2cb270b2546bb6d99352455676cd01a1cbeb1d5
  react-native-fbsdk: 00c15d138bba6d4efa628670886fc58cec858c19
  react-native-image-picker: 32d1ad2c0024ca36161ae0d5c2117e2d6c441f11
  react-native-onesignal: dd08d2ba301e1cb7ad4773a53d8e49d4e43ba6fd
  react-native-rsa-native: ec31d1a3ef07c070ad034797f0a40bb72ea0b2b3
  react-native-safe-area-context: 86612d2c9a9e94e288319262d10b5f93f0b395f5
  react-native-video: 8d97379f3c2322a569f1e27542ad1a646cad9444
  react-native-webview: ef8d30ecc5baf6bf7821690180c2f9bf2bdf00c0
  React-RCTActionSheet: 674afbc8b9c76e0a83520e0a51da29a70802c03f
  React-RCTAnimation: f5f24330d09ee677fb49e0782f8321868f4df431
  React-RCTBlob: b773ce6138ab0d172ebd8a455fd4efd200a92549
  React-RCTImage: 8dbaa77916f9d21ff8faa0f3f5f06d4069c28e93
  React-RCTLinking: 312a2b3511e2829e68c300c2cdcae4282fefc7ef
  React-RCTNetwork: 4b87acf29c38b8819bea67dad3edeca7b9a20718
  React-RCTSettings: be798c8b33392a90d9d551644610ffa349a89255
  React-RCTText: 91a0d0ae5434aa28fe0c89c03eb9d660ff53bd9b
  React-RCTVibration: 0630aeb11e22f87c180ca9c0c3a0a0aba780cc62
  ReactCommon: d22162ab8f1358c53dfcd0f9c4d82d38facdbc48
  RNCAsyncStorage: cb9a623793918c6699586281f0b51cbc38f046f9
  RNCMaskedView: f5c7d14d6847b7b44853f7acb6284c1da30a3459
  RNCPicker: 914b557e20b3b8317b084aca9ff4b4edb95f61e4
  RNDateTimePicker: 54bc1830e4e8d99ed00e6b6735b8517e163b2a4a
  RNDeviceInfo: 80905692dd27fbee9034d7895c92bda29e5a3fc4
  RNGestureHandler: 9b7e605a741412e20e13c512738a31bd1611759b
  RNGoogleSignin: ccf71ee4b6cfd324fd788a41e457e2043838c0d9
  RNReanimated: e03f7425cb7a38dcf1b644d680d1bfc91c3337ad
  RNScreens: 2ad555d4d9fa10b91bb765ca07fe9b29d59573f0
  RNVectorIcons: bc69e6a278b14842063605de32bec61f0b251a59
  SSZipArchive: 62d4947b08730e4cda640473b0066d209ff033c9
  Yoga: 9db9ff2025ad21d1ac0a8b3c85d5ac4e7c29d525

PODFILE CHECKSUM: f43941b111b9967995d399855b3d7cb556f6e756

COCOAPODS: 1.10.1
